// !$*UTF8*$!
{
	archiveVersion = 1;
	classes = {
	};
	objectVersion = 50;
	objects = {

/* Begin PBXBuildFile section */
		8409F03D2440D89E007A3A44 /* AppDelegate.swift in Sources */ = {isa = PBXBuildFile; fileRef = 8409F03C2440D89E007A3A44 /* AppDelegate.swift */; };
		8409F03F2440D89E007A3A44 /* SceneDelegate.swift in Sources */ = {isa = PBXBuildFile; fileRef = 8409F03E2440D89E007A3A44 /* SceneDelegate.swift */; };
		8409F0412440D89E007A3A44 /* ContentView.swift in Sources */ = {isa = PBXBuildFile; fileRef = 8409F0402440D89E007A3A44 /* ContentView.swift */; };
		8409F0432440D89F007A3A44 /* Assets.xcassets in Resources */ = {isa = PBXBuildFile; fileRef = 8409F0422440D89F007A3A44 /* Assets.xcassets */; };
		8409F0462440D89F007A3A44 /* Preview Assets.xcassets in Resources */ = {isa = PBXBuildFile; fileRef = 8409F0452440D89F007A3A44 /* Preview Assets.xcassets */; };
		8409F0492440D89F007A3A44 /* LaunchScreen.storyboard in Resources */ = {isa = PBXBuildFile; fileRef = 8409F0472440D89F007A3A44 /* LaunchScreen.storyboard */; };
		8409F0522440D903007A3A44 /* TutorialList.swift in Sources */ = {isa = PBXBuildFile; fileRef = 8409F0512440D903007A3A44 /* TutorialList.swift */; };
		8409F0552440DF14007A3A44 /* TextDemo.swift in Sources */ = {isa = PBXBuildFile; fileRef = 8409F0542440DF14007A3A44 /* TextDemo.swift */; };
		8409F0572440ED89007A3A44 /* ImageDemo.swift in Sources */ = {isa = PBXBuildFile; fileRef = 8409F0562440ED89007A3A44 /* ImageDemo.swift */; };
		8409F05B2441FEA2007A3A44 /* ButtonDemo.swift in Sources */ = {isa = PBXBuildFile; fileRef = 8409F05A2441FEA2007A3A44 /* ButtonDemo.swift */; };
		8409F05D244200CD007A3A44 /* TextFieldDemo.swift in Sources */ = {isa = PBXBuildFile; fileRef = 8409F05C244200CD007A3A44 /* TextFieldDemo.swift */; };
		8409F05F24435A4C007A3A44 /* SecureTextFieldDemo.swift in Sources */ = {isa = PBXBuildFile; fileRef = 8409F05E24435A4C007A3A44 /* SecureTextFieldDemo.swift */; };
		8409F06124435A5D007A3A44 /* DatePickerDemo.swift in Sources */ = {isa = PBXBuildFile; fileRef = 8409F06024435A5D007A3A44 /* DatePickerDemo.swift */; };
		8409F06324435A70007A3A44 /* EditButtonDemo.swift in Sources */ = {isa = PBXBuildFile; fileRef = 8409F06224435A70007A3A44 /* EditButtonDemo.swift */; };
		8409F06524435A7B007A3A44 /* FormDemo.swift in Sources */ = {isa = PBXBuildFile; fileRef = 8409F06424435A7B007A3A44 /* FormDemo.swift */; };
		8409F06824435AA2007A3A44 /* GroupBoxDemo.swift in Sources */ = {isa = PBXBuildFile; fileRef = 8409F06724435AA2007A3A44 /* GroupBoxDemo.swift */; };
		8409F06C24435AC8007A3A44 /* ListDemo.swift in Sources */ = {isa = PBXBuildFile; fileRef = 8409F06B24435AC8007A3A44 /* ListDemo.swift */; };
		8409F07024435B08007A3A44 /* NavigationLinkDemo.swift in Sources */ = {isa = PBXBuildFile; fileRef = 8409F06F24435B08007A3A44 /* NavigationLinkDemo.swift */; };
		8409F07224435B18007A3A44 /* NavigationViewDemo.swift in Sources */ = {isa = PBXBuildFile; fileRef = 8409F07124435B18007A3A44 /* NavigationViewDemo.swift */; };
		8409F07624435B64007A3A44 /* PicketViewDemo.swift in Sources */ = {isa = PBXBuildFile; fileRef = 8409F07524435B64007A3A44 /* PicketViewDemo.swift */; };
		8409F07824435B77007A3A44 /* ScrollViewDemo.swift in Sources */ = {isa = PBXBuildFile; fileRef = 8409F07724435B77007A3A44 /* ScrollViewDemo.swift */; };
		8409F07A24435B86007A3A44 /* SectionDemo.swift in Sources */ = {isa = PBXBuildFile; fileRef = 8409F07924435B86007A3A44 /* SectionDemo.swift */; };
		8409F07C24435B8D007A3A44 /* SliderDemo.swift in Sources */ = {isa = PBXBuildFile; fileRef = 8409F07B24435B8D007A3A44 /* SliderDemo.swift */; };
		8409F07E24435BA7007A3A44 /* StepperDemo.swift in Sources */ = {isa = PBXBuildFile; fileRef = 8409F07D24435BA7007A3A44 /* StepperDemo.swift */; };
		8409F08024435BC2007A3A44 /* TabDemo.swift in Sources */ = {isa = PBXBuildFile; fileRef = 8409F07F24435BC2007A3A44 /* TabDemo.swift */; };
		8409F08224435BD8007A3A44 /* ToggleDemo.swift in Sources */ = {isa = PBXBuildFile; fileRef = 8409F08124435BD8007A3A44 /* ToggleDemo.swift */; };
/* End PBXBuildFile section */

/* Begin PBXFileReference section */
		8409F0392440D89E007A3A44 /* GettingStatedWithSwiftUI.app */ = {isa = PBXFileReference; explicitFileType = wrapper.application; includeInIndex = 0; path = GettingStatedWithSwiftUI.app; sourceTree = BUILT_PRODUCTS_DIR; };
		8409F03C2440D89E007A3A44 /* AppDelegate.swift */ = {isa = PBXFileReference; lastKnownFileType = sourcecode.swift; path = AppDelegate.swift; sourceTree = "<group>"; };
		8409F03E2440D89E007A3A44 /* SceneDelegate.swift */ = {isa = PBXFileReference; lastKnownFileType = sourcecode.swift; path = SceneDelegate.swift; sourceTree = "<group>"; };
		8409F0402440D89E007A3A44 /* ContentView.swift */ = {isa = PBXFileReference; lastKnownFileType = sourcecode.swift; path = ContentView.swift; sourceTree = "<group>"; };
		8409F0422440D89F007A3A44 /* Assets.xcassets */ = {isa = PBXFileReference; lastKnownFileType = folder.assetcatalog; path = Assets.xcassets; sourceTree = "<group>"; };
		8409F0452440D89F007A3A44 /* Preview Assets.xcassets */ = {isa = PBXFileReference; lastKnownFileType = folder.assetcatalog; path = "Preview Assets.xcassets"; sourceTree = "<group>"; };
		8409F0482440D89F007A3A44 /* Base */ = {isa = PBXFileReference; lastKnownFileType = file.storyboard; name = Base; path = Base.lproj/LaunchScreen.storyboard; sourceTree = "<group>"; };
		8409F04A2440D89F007A3A44 /* Info.plist */ = {isa = PBXFileReference; lastKnownFileType = text.plist.xml; path = Info.plist; sourceTree = "<group>"; };
		8409F0512440D903007A3A44 /* TutorialList.swift */ = {isa = PBXFileReference; lastKnownFileType = sourcecode.swift; path = TutorialList.swift; sourceTree = "<group>"; };
		8409F0542440DF14007A3A44 /* TextDemo.swift */ = {isa = PBXFileReference; lastKnownFileType = sourcecode.swift; path = TextDemo.swift; sourceTree = "<group>"; };
		8409F0562440ED89007A3A44 /* ImageDemo.swift */ = {isa = PBXFileReference; lastKnownFileType = sourcecode.swift; path = ImageDemo.swift; sourceTree = "<group>"; };
		8409F05A2441FEA2007A3A44 /* ButtonDemo.swift */ = {isa = PBXFileReference; lastKnownFileType = sourcecode.swift; path = ButtonDemo.swift; sourceTree = "<group>"; };
		8409F05C244200CD007A3A44 /* TextFieldDemo.swift */ = {isa = PBXFileReference; lastKnownFileType = sourcecode.swift; path = TextFieldDemo.swift; sourceTree = "<group>"; };
		8409F05E24435A4C007A3A44 /* SecureTextFieldDemo.swift */ = {isa = PBXFileReference; lastKnownFileType = sourcecode.swift; path = SecureTextFieldDemo.swift; sourceTree = "<group>"; };
		8409F06024435A5D007A3A44 /* DatePickerDemo.swift */ = {isa = PBXFileReference; lastKnownFileType = sourcecode.swift; path = DatePickerDemo.swift; sourceTree = "<group>"; };
		8409F06224435A70007A3A44 /* EditButtonDemo.swift */ = {isa = PBXFileReference; lastKnownFileType = sourcecode.swift; path = EditButtonDemo.swift; sourceTree = "<group>"; };
		8409F06424435A7B007A3A44 /* FormDemo.swift */ = {isa = PBXFileReference; lastKnownFileType = sourcecode.swift; path = FormDemo.swift; sourceTree = "<group>"; };
		8409F06724435AA2007A3A44 /* GroupBoxDemo.swift */ = {isa = PBXFileReference; lastKnownFileType = sourcecode.swift; path = GroupBoxDemo.swift; sourceTree = "<group>"; };
		8409F06B24435AC8007A3A44 /* ListDemo.swift */ = {isa = PBXFileReference; lastKnownFileType = sourcecode.swift; path = ListDemo.swift; sourceTree = "<group>"; };
		8409F06F24435B08007A3A44 /* NavigationLinkDemo.swift */ = {isa = PBXFileReference; lastKnownFileType = sourcecode.swift; path = NavigationLinkDemo.swift; sourceTree = "<group>"; };
		8409F07124435B18007A3A44 /* NavigationViewDemo.swift */ = {isa = PBXFileReference; lastKnownFileType = sourcecode.swift; path = NavigationViewDemo.swift; sourceTree = "<group>"; };
		8409F07524435B64007A3A44 /* PicketViewDemo.swift */ = {isa = PBXFileReference; lastKnownFileType = sourcecode.swift; path = PicketViewDemo.swift; sourceTree = "<group>"; };
		8409F07724435B77007A3A44 /* ScrollViewDemo.swift */ = {isa = PBXFileReference; lastKnownFileType = sourcecode.swift; path = ScrollViewDemo.swift; sourceTree = "<group>"; };
		8409F07924435B86007A3A44 /* SectionDemo.swift */ = {isa = PBXFileReference; lastKnownFileType = sourcecode.swift; path = SectionDemo.swift; sourceTree = "<group>"; };
		8409F07B24435B8D007A3A44 /* SliderDemo.swift */ = {isa = PBXFileReference; lastKnownFileType = sourcecode.swift; path = SliderDemo.swift; sourceTree = "<group>"; };
		8409F07D24435BA7007A3A44 /* StepperDemo.swift */ = {isa = PBXFileReference; lastKnownFileType = sourcecode.swift; path = StepperDemo.swift; sourceTree = "<group>"; };
		8409F07F24435BC2007A3A44 /* TabDemo.swift */ = {isa = PBXFileReference; lastKnownFileType = sourcecode.swift; path = TabDemo.swift; sourceTree = "<group>"; };
		8409F08124435BD8007A3A44 /* ToggleDemo.swift */ = {isa = PBXFileReference; lastKnownFileType = sourcecode.swift; path = ToggleDemo.swift; sourceTree = "<group>"; };
/* End PBXFileReference section */

/* Begin PBXFrameworksBuildPhase section */
		8409F0362440D89E007A3A44 /* Frameworks */ = {
			isa = PBXFrameworksBuildPhase;
			buildActionMask = 2147483647;
			files = (
			);
			runOnlyForDeploymentPostprocessing = 0;
		};
/* End PBXFrameworksBuildPhase section */

/* Begin PBXGroup section */
		8409F0302440D89E007A3A44 = {
			isa = PBXGroup;
			children = (
				8409F03B2440D89E007A3A44 /* GettingStatedWithSwiftUI */,
				8409F03A2440D89E007A3A44 /* Products */,
			);
			sourceTree = "<group>";
		};
		8409F03A2440D89E007A3A44 /* Products */ = {
			isa = PBXGroup;
			children = (
				8409F0392440D89E007A3A44 /* GettingStatedWithSwiftUI.app */,
			);
			name = Products;
			sourceTree = "<group>";
		};
		8409F03B2440D89E007A3A44 /* GettingStatedWithSwiftUI */ = {
			isa = PBXGroup;
			children = (
				8409F0532440DEF7007A3A44 /* SwiftUI Views */,
				8409F0502440D8C4007A3A44 /* Models */,
				8409F03C2440D89E007A3A44 /* AppDelegate.swift */,
				8409F03E2440D89E007A3A44 /* SceneDelegate.swift */,
				8409F0402440D89E007A3A44 /* ContentView.swift */,
				8409F0422440D89F007A3A44 /* Assets.xcassets */,
				8409F0472440D89F007A3A44 /* LaunchScreen.storyboard */,
				8409F04A2440D89F007A3A44 /* Info.plist */,
				8409F0442440D89F007A3A44 /* Preview Content */,
			);
			path = GettingStatedWithSwiftUI;
			sourceTree = "<group>";
		};
		8409F0442440D89F007A3A44 /* Preview Content */ = {
			isa = PBXGroup;
			children = (
				8409F0452440D89F007A3A44 /* Preview Assets.xcassets */,
			);
			path = "Preview Content";
			sourceTree = "<group>";
		};
		8409F0502440D8C4007A3A44 /* Models */ = {
			isa = PBXGroup;
			children = (
				8409F0512440D903007A3A44 /* TutorialList.swift */,
			);
			path = Models;
			sourceTree = "<group>";
		};
		8409F0532440DEF7007A3A44 /* SwiftUI Views */ = {
			isa = PBXGroup;
			children = (
				8409F0542440DF14007A3A44 /* TextDemo.swift */,
				8409F0562440ED89007A3A44 /* ImageDemo.swift */,
				8409F05A2441FEA2007A3A44 /* ButtonDemo.swift */,
				8409F05C244200CD007A3A44 /* TextFieldDemo.swift */,
				8409F05E24435A4C007A3A44 /* SecureTextFieldDemo.swift */,
				8409F06024435A5D007A3A44 /* DatePickerDemo.swift */,
				8409F06224435A70007A3A44 /* EditButtonDemo.swift */,
				8409F06424435A7B007A3A44 /* FormDemo.swift */,
				8409F06724435AA2007A3A44 /* GroupBoxDemo.swift */,
				8409F06B24435AC8007A3A44 /* ListDemo.swift */,
				8409F06F24435B08007A3A44 /* NavigationLinkDemo.swift */,
				8409F07124435B18007A3A44 /* NavigationViewDemo.swift */,
				8409F07524435B64007A3A44 /* PicketViewDemo.swift */,
				8409F07724435B77007A3A44 /* ScrollViewDemo.swift */,
				8409F07924435B86007A3A44 /* SectionDemo.swift */,
				8409F07B24435B8D007A3A44 /* SliderDemo.swift */,
				8409F07D24435BA7007A3A44 /* StepperDemo.swift */,
				8409F07F24435BC2007A3A44 /* TabDemo.swift */,
				8409F08124435BD8007A3A44 /* ToggleDemo.swift */,
			);
			path = "SwiftUI Views";
			sourceTree = "<group>";
		};
/* End PBXGroup section */

/* Begin PBXNativeTarget section */
		8409F0382440D89E007A3A44 /* GettingStatedWithSwiftUI */ = {
			isa = PBXNativeTarget;
			buildConfigurationList = 8409F04D2440D89F007A3A44 /* Build configuration list for PBXNativeTarget "GettingStatedWithSwiftUI" */;
			buildPhases = (
				8409F0352440D89E007A3A44 /* Sources */,
				8409F0362440D89E007A3A44 /* Frameworks */,
				8409F0372440D89E007A3A44 /* Resources */,
			);
			buildRules = (
			);
			dependencies = (
			);
			name = GettingStatedWithSwiftUI;
			productName = GettingStatedWithSwiftUI;
			productReference = 8409F0392440D89E007A3A44 /* GettingStatedWithSwiftUI.app */;
			productType = "com.apple.product-type.application";
		};
/* End PBXNativeTarget section */

/* Begin PBXProject section */
		8409F0312440D89E007A3A44 /* Project object */ = {
			isa = PBXProject;
			attributes = {
				LastSwiftUpdateCheck = 1130;
				LastUpgradeCheck = 1130;
				ORGANIZATIONNAME = manoj;
				TargetAttributes = {
					8409F0382440D89E007A3A44 = {
						CreatedOnToolsVersion = 11.3;
					};
				};
			};
			buildConfigurationList = 8409F0342440D89E007A3A44 /* Build configuration list for PBXProject "GettingStatedWithSwiftUI" */;
			compatibilityVersion = "Xcode 9.3";
			developmentRegion = en;
			hasScannedForEncodings = 0;
			knownRegions = (
				en,
				Base,
			);
			mainGroup = 8409F0302440D89E007A3A44;
			productRefGroup = 8409F03A2440D89E007A3A44 /* Products */;
			projectDirPath = "";
			projectRoot = "";
			targets = (
				8409F0382440D89E007A3A44 /* GettingStatedWithSwiftUI */,
			);
		};
/* End PBXProject section */

/* Begin PBXResourcesBuildPhase section */
		8409F0372440D89E007A3A44 /* Resources */ = {
			isa = PBXResourcesBuildPhase;
			buildActionMask = 2147483647;
			files = (
				8409F0492440D89F007A3A44 /* LaunchScreen.storyboard in Resources */,
				8409F0462440D89F007A3A44 /* Preview Assets.xcassets in Resources */,
				8409F0432440D89F007A3A44 /* Assets.xcassets in Resources */,
			);
			runOnlyForDeploymentPostprocessing = 0;
		};
/* End PBXResourcesBuildPhase section */

/* Begin PBXSourcesBuildPhase section */
		8409F0352440D89E007A3A44 /* Sources */ = {
			isa = PBXSourcesBuildPhase;
			buildActionMask = 2147483647;
			files = (
				8409F03D2440D89E007A3A44 /* AppDelegate.swift in Sources */,
				8409F08224435BD8007A3A44 /* ToggleDemo.swift in Sources */,
				8409F08024435BC2007A3A44 /* TabDemo.swift in Sources */,
				8409F07C24435B8D007A3A44 /* SliderDemo.swift in Sources */,
				8409F0552440DF14007A3A44 /* TextDemo.swift in Sources */,
				8409F07024435B08007A3A44 /* NavigationLinkDemo.swift in Sources */,
				8409F05B2441FEA2007A3A44 /* ButtonDemo.swift in Sources */,
				8409F05F24435A4C007A3A44 /* SecureTextFieldDemo.swift in Sources */,
				8409F07624435B64007A3A44 /* PicketViewDemo.swift in Sources */,
				8409F07A24435B86007A3A44 /* SectionDemo.swift in Sources */,
				8409F0572440ED89007A3A44 /* ImageDemo.swift in Sources */,
				8409F05D244200CD007A3A44 /* TextFieldDemo.swift in Sources */,
				8409F06324435A70007A3A44 /* EditButtonDemo.swift in Sources */,
				8409F07224435B18007A3A44 /* NavigationViewDemo.swift in Sources */,
				8409F0522440D903007A3A44 /* TutorialList.swift in Sources */,
				8409F06C24435AC8007A3A44 /* ListDemo.swift in Sources */,
				8409F07824435B77007A3A44 /* ScrollViewDemo.swift in Sources */,
				8409F06824435AA2007A3A44 /* GroupBoxDemo.swift in Sources */,
				8409F07E24435BA7007A3A44 /* StepperDemo.swift in Sources */,
				8409F03F2440D89E007A3A44 /* SceneDelegate.swift in Sources */,
				8409F0412440D89E007A3A44 /* ContentView.swift in Sources */,
				8409F06524435A7B007A3A44 /* FormDemo.swift in Sources */,
				8409F06124435A5D007A3A44 /* DatePickerDemo.swift in Sources */,
			);
			runOnlyForDeploymentPostprocessing = 0;
		};
/* End PBXSourcesBuildPhase section */

/* Begin PBXVariantGroup section */
		8409F0472440D89F007A3A44 /* LaunchScreen.storyboard */ = {
			isa = PBXVariantGroup;
			children = (
				8409F0482440D89F007A3A44 /* Base */,
			);
			name = LaunchScreen.storyboard;
			sourceTree = "<group>";
		};
/* End PBXVariantGroup section */

/* Begin XCBuildConfiguration section */
		8409F04B2440D89F007A3A44 /* Debug */ = {
			isa = XCBuildConfiguration;
			buildSettings = {
				ALWAYS_SEARCH_USER_PATHS = NO;
				CLANG_ANALYZER_NONNULL = YES;
				CLANG_ANALYZER_NUMBER_OBJECT_CONVERSION = YES_AGGRESSIVE;
				CLANG_CXX_LANGUAGE_STANDARD = "gnu++14";
				CLANG_CXX_LIBRARY = "libc++";
				CLANG_ENABLE_MODULES = YES;
				CLANG_ENABLE_OBJC_ARC = YES;
				CLANG_ENABLE_OBJC_WEAK = YES;
				CLANG_WARN_BLOCK_CAPTURE_AUTORELEASING = YES;
				CLANG_WARN_BOOL_CONVERSION = YES;
				CLANG_WARN_COMMA = YES;
				CLANG_WARN_CONSTANT_CONVERSION = YES;
				CLANG_WARN_DEPRECATED_OBJC_IMPLEMENTATIONS = YES;
				CLANG_WARN_DIRECT_OBJC_ISA_USAGE = YES_ERROR;
				CLANG_WARN_DOCUMENTATION_COMMENTS = YES;
				CLANG_WARN_EMPTY_BODY = YES;
				CLANG_WARN_ENUM_CONVERSION = YES;
				CLANG_WARN_INFINITE_RECURSION = YES;
				CLANG_WARN_INT_CONVERSION = YES;
				CLANG_WARN_NON_LITERAL_NULL_CONVERSION = YES;
				CLANG_WARN_OBJC_IMPLICIT_RETAIN_SELF = YES;
				CLANG_WARN_OBJC_LITERAL_CONVERSION = YES;
				CLANG_WARN_OBJC_ROOT_CLASS = YES_ERROR;
				CLANG_WARN_RANGE_LOOP_ANALYSIS = YES;
				CLANG_WARN_STRICT_PROTOTYPES = YES;
				CLANG_WARN_SUSPICIOUS_MOVE = YES;
				CLANG_WARN_UNGUARDED_AVAILABILITY = YES_AGGRESSIVE;
				CLANG_WARN_UNREACHABLE_CODE = YES;
				CLANG_WARN__DUPLICATE_METHOD_MATCH = YES;
				COPY_PHASE_STRIP = NO;
				DEBUG_INFORMATION_FORMAT = dwarf;
				ENABLE_STRICT_OBJC_MSGSEND = YES;
				ENABLE_TESTABILITY = YES;
				GCC_C_LANGUAGE_STANDARD = gnu11;
				GCC_DYNAMIC_NO_PIC = NO;
				GCC_NO_COMMON_BLOCKS = YES;
				GCC_OPTIMIZATION_LEVEL = 0;
				GCC_PREPROCESSOR_DEFINITIONS = (
					"DEBUG=1",
					"$(inherited)",
				);
				GCC_WARN_64_TO_32_BIT_CONVERSION = YES;
				GCC_WARN_ABOUT_RETURN_TYPE = YES_ERROR;
				GCC_WARN_UNDECLARED_SELECTOR = YES;
				GCC_WARN_UNINITIALIZED_AUTOS = YES_AGGRESSIVE;
				GCC_WARN_UNUSED_FUNCTION = YES;
				GCC_WARN_UNUSED_VARIABLE = YES;
				IPHONEOS_DEPLOYMENT_TARGET = 13.2;
				MTL_ENABLE_DEBUG_INFO = INCLUDE_SOURCE;
				MTL_FAST_MATH = YES;
				ONLY_ACTIVE_ARCH = YES;
				SDKROOT = iphoneos;
				SWIFT_ACTIVE_COMPILATION_CONDITIONS = DEBUG;
				SWIFT_OPTIMIZATION_LEVEL = "-Onone";
			};
			name = Debug;
		};
		8409F04C2440D89F007A3A44 /* Release */ = {
			isa = XCBuildConfiguration;
			buildSettings = {
				ALWAYS_SEARCH_USER_PATHS = NO;
				CLANG_ANALYZER_NONNULL = YES;
				CLANG_ANALYZER_NUMBER_OBJECT_CONVERSION = YES_AGGRESSIVE;
				CLANG_CXX_LANGUAGE_STANDARD = "gnu++14";
				CLANG_CXX_LIBRARY = "libc++";
				CLANG_ENABLE_MODULES = YES;
				CLANG_ENABLE_OBJC_ARC = YES;
				CLANG_ENABLE_OBJC_WEAK = YES;
				CLANG_WARN_BLOCK_CAPTURE_AUTORELEASING = YES;
				CLANG_WARN_BOOL_CONVERSION = YES;
				CLANG_WARN_COMMA = YES;
				CLANG_WARN_CONSTANT_CONVERSION = YES;
				CLANG_WARN_DEPRECATED_OBJC_IMPLEMENTATIONS = YES;
				CLANG_WARN_DIRECT_OBJC_ISA_USAGE = YES_ERROR;
				CLANG_WARN_DOCUMENTATION_COMMENTS = YES;
				CLANG_WARN_EMPTY_BODY = YES;
				CLANG_WARN_ENUM_CONVERSION = YES;
				CLANG_WARN_INFINITE_RECURSION = YES;
				CLANG_WARN_INT_CONVERSION = YES;
				CLANG_WARN_NON_LITERAL_NULL_CONVERSION = YES;
				CLANG_WARN_OBJC_IMPLICIT_RETAIN_SELF = YES;
				CLANG_WARN_OBJC_LITERAL_CONVERSION = YES;
				CLANG_WARN_OBJC_ROOT_CLASS = YES_ERROR;
				CLANG_WARN_RANGE_LOOP_ANALYSIS = YES;
				CLANG_WARN_STRICT_PROTOTYPES = YES;
				CLANG_WARN_SUSPICIOUS_MOVE = YES;
				CLANG_WARN_UNGUARDED_AVAILABILITY = YES_AGGRESSIVE;
				CLANG_WARN_UNREACHABLE_CODE = YES;
				CLANG_WARN__DUPLICATE_METHOD_MATCH = YES;
				COPY_PHASE_STRIP = NO;
				DEBUG_INFORMATION_FORMAT = "dwarf-with-dsym";
				ENABLE_NS_ASSERTIONS = NO;
				ENABLE_STRICT_OBJC_MSGSEND = YES;
				GCC_C_LANGUAGE_STANDARD = gnu11;
				GCC_NO_COMMON_BLOCKS = YES;
				GCC_WARN_64_TO_32_BIT_CONVERSION = YES;
				GCC_WARN_ABOUT_RETURN_TYPE = YES_ERROR;
				GCC_WARN_UNDECLARED_SELECTOR = YES;
				GCC_WARN_UNINITIALIZED_AUTOS = YES_AGGRESSIVE;
				GCC_WARN_UNUSED_FUNCTION = YES;
				GCC_WARN_UNUSED_VARIABLE = YES;
				IPHONEOS_DEPLOYMENT_TARGET = 13.2;
				MTL_ENABLE_DEBUG_INFO = NO;
				MTL_FAST_MATH = YES;
				SDKROOT = iphoneos;
				SWIFT_COMPILATION_MODE = wholemodule;
				SWIFT_OPTIMIZATION_LEVEL = "-O";
				VALIDATE_PRODUCT = YES;
			};
			name = Release;
		};
		8409F04E2440D89F007A3A44 /* Debug */ = {
			isa = XCBuildConfiguration;
			buildSettings = {
				ASSETCATALOG_COMPILER_APPICON_NAME = AppIcon;
				CODE_SIGN_STYLE = Automatic;
				DEVELOPMENT_ASSET_PATHS = "\"GettingStatedWithSwiftUI/Preview Content\"";
				DEVELOPMENT_TEAM = SRG4SF26ZB;
				ENABLE_PREVIEWS = YES;
				INFOPLIST_FILE = GettingStatedWithSwiftUI/Info.plist;
				LD_RUNPATH_SEARCH_PATHS = (
					"$(inherited)",
					"@executable_path/Frameworks",
				);
				PRODUCT_BUNDLE_IDENTIFIER = com.amanoj.com.GettingStatedWithSwiftUI;
				PRODUCT_NAME = "$(TARGET_NAME)";
				SWIFT_VERSION = 5.0;
				TARGETED_DEVICE_FAMILY = "1,2";
			};
			name = Debug;
		};
		8409F04F2440D89F007A3A44 /* Release */ = {
			isa = XCBuildConfiguration;
			buildSettings = {
				ASSETCATALOG_COMPILER_APPICON_NAME = AppIcon;
				CODE_SIGN_STYLE = Automatic;
				DEVELOPMENT_ASSET_PATHS = "\"GettingStatedWithSwiftUI/Preview Content\"";
				DEVELOPMENT_TEAM = SRG4SF26ZB;
				ENABLE_PREVIEWS = YES;
				INFOPLIST_FILE = GettingStatedWithSwiftUI/Info.plist;
				LD_RUNPATH_SEARCH_PATHS = (
					"$(inherited)",
					"@executable_path/Frameworks",
				);
				PRODUCT_BUNDLE_IDENTIFIER = com.amanoj.com.GettingStatedWithSwiftUI;
				PRODUCT_NAME = "$(TARGET_NAME)";
				SWIFT_VERSION = 5.0;
				TARGETED_DEVICE_FAMILY = "1,2";
			};
			name = Release;
		};
/* End XCBuildConfiguration section */

/* Begin XCConfigurationList section */
		8409F0342440D89E007A3A44 /* Build configuration list for PBXProject "GettingStatedWithSwiftUI" */ = {
			isa = XCConfigurationList;
			buildConfigurations = (
				8409F04B2440D89F007A3A44 /* Debug */,
				8409F04C2440D89F007A3A44 /* Release */,
			);
			defaultConfigurationIsVisible = 0;
			defaultConfigurationName = Release;
		};
		8409F04D2440D89F007A3A44 /* Build configuration list for PBXNativeTarget "GettingStatedWithSwiftUI" */ = {
			isa = XCConfigurationList;
			buildConfigurations = (
				8409F04E2440D89F007A3A44 /* Debug */,
				8409F04F2440D89F007A3A44 /* Release */,
			);
			defaultConfigurationIsVisible = 0;
			defaultConfigurationName = Release;
		};
/* End XCConfigurationList section */
	};
	rootObject = 8409F0312440D89E007A3A44 /* Project object */;
}
